
Microsoft Visual Studio Solution File, Format Version 12.00
# Visual Studio Version 16
VisualStudioVersion = 16.0.30717.126
MinimumVisualStudioVersion = 10.0.40219.1
Project("{9A19103F-16F7-4668-BE54-9A1E7A4F7556}") = "web4", "web4.csproj", "{54B6FEE4-DD1C-4F80-9C59-20EC9B22A9A4}"
EndProject
Global
	GlobalSection(SolutionConfigurationPlatforms) = preSolution
		Debug|Any CPU = Debug|Any CPU
		Release|Any CPU = Release|Any CPU
	EndGlobalSection
	GlobalSection(ProjectConfigurationPlatforms) = postSolution
		{54B6FEE4-DD1C-4F80-9C59-20EC9B22A9A4}.Debug|Any CPU.ActiveCfg = Debug|Any CPU
		{54B6FEE4-DD1C-4F80-9C59-20EC9B22A9A4}.Debug|Any CPU.Build.0 = Debug|Any CPU
		{54B6FEE4-DD1C-4F80-9C59-20EC9B22A9A4}.Release|Any CPU.ActiveCfg = Release|Any CPU
		{54B6FEE4-DD1C-4F80-9C59-20EC9B22A9A4}.Release|Any CPU.Build.0 = Release|Any CPU
	EndGlobalSection
	GlobalSection(SolutionProperties) = preSolution
		HideSolutionNode = FALSE
	EndGlobalSection
	GlobalSection(ExtensibilityGlobals) = postSolution
		SolutionGuid = {F36B56CB-21AE-47FD-B1E8-B0A622104CF9}
	EndGlobalSection
EndGlobal
